{
    "_meta": {
        "hash": {
            "sha256": "34f14a607039da18531cf9ad90113ecad880f3c30128e38a6fdffd2fd244ecb6"
        },
        "pipfile-spec": 6,
        "requires": {
            "python_version": "3.7"
        },
        "sources": [
            {
                "name": "pypi",
                "url": "https://pypi.org/simple",
                "verify_ssl": true
            }
        ]
    },
    "default": {
        "aiogram": {
            "hashes": [
                "sha256:430165b3d86dba61773b9f88ad7ac333dd8399abb3ba85fbd2519443e693e889",
                "sha256:7e62bb322e1ceb13f05c3adcaaba22c99b635fcf4817d9c952f0931b587dc780"
            ],
            "index": "pypi",
            "version": "==2.1"
        },
        "aiohttp": {
            "hashes": [
                "sha256:00d198585474299c9c3b4f1d5de1a576cc230d562abc5e4a0e81d71a20a6ca55",
                "sha256:0155af66de8c21b8dba4992aaeeabf55503caefae00067a3b1139f86d0ec50ed",
                "sha256:09654a9eca62d1bd6d64aa44db2498f60a5c1e0ac4750953fdd79d5c88955e10",
                "sha256:199f1d106e2b44b6dacdf6f9245493c7d716b01d0b7fbe1959318ba4dc64d1f5",
                "sha256:296f30dedc9f4b9e7a301e5cc963012264112d78a1d3094cd83ef148fdf33ca1",
                "sha256:368ed312550bd663ce84dc4b032a962fcb3c7cae099dbbd48663afc305e3b939",
                "sha256:40d7ea570b88db017c51392349cf99b7aefaaddd19d2c78368aeb0bddde9d390",
                "sha256:629102a193162e37102c50713e2e31dc9a2fe7ac5e481da83e5bb3c0cee700aa",
                "sha256:6d5ec9b8948c3d957e75ea14d41e9330e1ac3fed24ec53766c780f82805140dc",
                "sha256:87331d1d6810214085a50749160196391a712a13336cd02ce1c3ea3d05bcf8d5",
                "sha256:9a02a04bbe581c8605ac423ba3a74999ec9d8bce7ae37977a3d38680f5780b6d",
                "sha256:9c4c83f4fa1938377da32bc2d59379025ceeee8e24b89f72fcbccd8ca22dc9bf",
                "sha256:9cddaff94c0135ee627213ac6ca6d05724bfe6e7a356e5e09ec57bd3249510f6",
                "sha256:a25237abf327530d9561ef751eef9511ab56fd9431023ca6f4803f1994104d72",
                "sha256:a5cbd7157b0e383738b8e29d6e556fde8726823dae0e348952a61742b21aeb12",
                "sha256:a97a516e02b726e089cffcde2eea0d3258450389bbac48cbe89e0f0b6e7b0366",
                "sha256:acc89b29b5f4e2332d65cd1b7d10c609a75b88ef8925d487a611ca788432dfa4",
                "sha256:b05bd85cc99b06740aad3629c2585bda7b83bd86e080b44ba47faf905fdf1300",
                "sha256:c2bec436a2b5dafe5eaeb297c03711074d46b6eb236d002c13c42f25c4a8ce9d",
                "sha256:cc619d974c8c11fe84527e4b5e1c07238799a8c29ea1c1285149170524ba9303",
                "sha256:d4392defd4648badaa42b3e101080ae3313e8f4787cb517efd3f5b8157eaefd6",
                "sha256:e1c3c582ee11af7f63a34a46f0448fca58e59889396ffdae1f482085061a2889"
            ],
            "index": "pypi",
            "version": "==3.5.4"
        },
        "aiologger": {
            "extras": [
                "aiofiles"
            ],
            "hashes": [
                "sha256:9de6a87f01ea7b143304af270b8f2dab81a193ea2a0a661a98b2ea0c9a19f1a7"
            ],
            "index": "pypi",
            "version": "==0.3.0"
        },
        "aiopg": {
            "extras": [
                "sa"
            ],
            "hashes": [
                "sha256:322d0603c56fa11d092d277a0f2d5102dc5c079dc4748d17d105f61c45375035",
                "sha256:b2812b582a5b9b4a8dc070f0abf08766f0f20dabc7ceaebdaad03b1bf5a1a3c5"
            ],
            "index": "pypi",
            "version": "==0.16.0"
        },
        "async-timeout": {
            "hashes": [
                "sha256:0c3c816a028d47f659d6ff5c745cb2acf1f966da1fe5c19c77a70282b25f4c5f",
                "sha256:4291ca197d287d274d0b6cb5d6f8f8f82d434ed288f962539ff18cc9012f9ea3"
            ],
            "markers": "python_full_version >= '3.5.3'",
            "version": "==3.0.1"
        },
        "atomicwrites": {
            "hashes": [
                "sha256:81b2c9071a49367a7f770170e5eec8cb66567cfbbc8c73d20ce5ca4a8d71cf11"
            ],
            "version": "==1.4.1"
        },
        "attrs": {
            "hashes": [
                "sha256:29adc2665447e5191d0e7c568fde78b21f9672d344281d0c6e1ab085429b22b6",
                "sha256:86efa402f67bf2df34f51a335487cf46b1ec130d02b8d39fd248abfd30da551c"
            ],
            "markers": "python_version >= '3.5'",
            "version": "==22.1.0"
        },
        "babel": {
            "hashes": [
                "sha256:1ad3eca1c885218f6dce2ab67291178944f810a10a9b5f3cb8382a5a232b64fe",
                "sha256:5ef4b3226b0180dedded4229651c8b0e1a3a6a2837d45a073272f313e4cf97f6"
            ],
            "markers": "python_version >= '3.6'",
            "version": "==2.11.0"
        },
        "beautifulsoup4": {
            "hashes": [
                "sha256:58d5c3d29f5a36ffeb94f02f0d786cd53014cf9b3b3951d42e0080d8a9498d30",
                "sha256:ad9aa55b65ef2808eb405f46cf74df7fcb7044d5cbc26487f96eb2ef2e436693"
            ],
            "markers": "python_version >= '3.6'",
            "version": "==4.11.1"
        },
        "bs4": {
            "hashes": [
                "sha256:36ecea1fd7cc5c0c6e4a1ff075df26d50da647b75376626cc186e2212886dd3a"
            ],
            "index": "pypi",
            "version": "==0.0.1"
        },
        "certifi": {
            "hashes": [
                "sha256:35824b4c3a97115964b408844d64aa14db1cc518f6562e8d7261699d1350a9e3",
                "sha256:4ad3232f5e926d6718ec31cfc1fcadfde020920e278684144551c91769c7bc18"
            ],
            "index": "pypi",
            "version": "==2022.12.7"
        },
        "chardet": {
            "hashes": [
                "sha256:84ab92ed1c4d4f16916e05906b6b75a6c0fb5db821cc65e70cbd64a3e2a5eaae",
                "sha256:fc323ffcaeaed0e0a02bf4d117757b98aed530d9ed4531e3e15460124c106691"
            ],
            "version": "==3.0.4"
        },
        "idna": {
            "hashes": [
                "sha256:814f528e8dead7d329833b91c5faa87d60bf71824cd12a7530b5526063d02cb4",
                "sha256:90b77e79eaa3eba6de819a0c442c0b4ceefc341a7a2ab77d7562bf49f425c5c2"
            ],
            "markers": "python_version >= '3.5'",
            "version": "==3.4"
        },
        "importlib-metadata": {
            "hashes": [
                "sha256:d5059f9f1e8e41f80e9c56c2ee58811450c31984dfa625329ffd7c0dad88a73b",
                "sha256:d84d17e21670ec07990e1044a99efe8d615d860fd176fc29ef5c306068fda313"
            ],
            "markers": "python_version < '3.8'",
            "version": "==5.1.0"
        },
        "more-itertools": {
            "hashes": [
                "sha256:250e83d7e81d0c87ca6bd942e6aeab8cc9daa6096d12c5308f3f92fa5e5c1f41",
                "sha256:5a6257e40878ef0520b1803990e3e22303a41b5714006c32a3fd8304b26ea1ab"
            ],
            "markers": "python_version > '2.7'",
            "version": "==9.0.0"
        },
        "multidict": {
            "hashes": [
                "sha256:1ece5a3369835c20ed57adadc663400b5525904e53bae59ec854a5d36b39b21a",
                "sha256:275ca32383bc5d1894b6975bb4ca6a7ff16ab76fa622967625baeebcf8079000",
                "sha256:3750f2205b800aac4bb03b5ae48025a64e474d2c6cc79547988ba1d4122a09e2",
                "sha256:4538273208e7294b2659b1602490f4ed3ab1c8cf9dbdd817e0e9db8e64be2507",
                "sha256:5141c13374e6b25fe6bf092052ab55c0c03d21bd66c94a0e3ae371d3e4d865a5",
                "sha256:51a4d210404ac61d32dada00a50ea7ba412e6ea945bbe992e4d7a595276d2ec7",
                "sha256:5cf311a0f5ef80fe73e4f4c0f0998ec08f954a6ec72b746f3c179e37de1d210d",
                "sha256:6513728873f4326999429a8b00fc7ceddb2509b01d5fd3f3be7881a257b8d463",
                "sha256:7388d2ef3c55a8ba80da62ecfafa06a1c097c18032a501ffd4cabbc52d7f2b19",
                "sha256:9456e90649005ad40558f4cf51dbb842e32807df75146c6d940b6f5abb4a78f3",
                "sha256:c026fe9a05130e44157b98fea3ab12969e5b60691a276150db9eda71710cd10b",
                "sha256:d14842362ed4cf63751648e7672f7174c9818459d169231d03c56e84daf90b7c",
                "sha256:e0d072ae0f2a179c375f67e3da300b47e1a83293c554450b29c900e50afaae87",
                "sha256:f07acae137b71af3bb548bd8da720956a3bc9f9a0b87733e0899226a2317aeb7",
                "sha256:fbb77a75e529021e7c4a8d4e823d88ef4d23674a202be4f5addffc72cbb91430",
                "sha256:fcfbb44c59af3f8ea984de67ec7c306f618a3ec771c2843804069917a8f2e255",
                "sha256:feed85993dbdb1dbc29102f50bca65bdc68f2c0c8d352468c25b54874f23c39d"
            ],
            "markers": "python_version >= '3.5'",
            "version": "==4.7.6"
        },
        "pluggy": {
            "hashes": [
                "sha256:4224373bacce55f955a878bf9cfa763c1e360858e330072059e10bad68531159",
                "sha256:74134bbf457f031a36d68416e1509f34bd5ccc019f0bcc952c7b909d06b37bd3"
            ],
            "markers": "python_version >= '3.6'",
            "version": "==1.0.0"
        },
        "psycopg2-binary": {
            "hashes": [
                "sha256:00475004e5ed3e3bf5e056d66e5dcdf41a0dc62efcd57997acd9135c40a08a50",
                "sha256:01ad49d68dd8c5362e4bfb4158f2896dc6e0c02e87b8a3770fc003459f1a4425",
                "sha256:024030b13bdcbd53d8a93891a2cf07719715724fc9fee40243f3bd78b4264b8f",
                "sha256:02551647542f2bf89073d129c73c05a25c372fc0a49aa50e0de65c3c143d8bd0",
                "sha256:043a9fd45a03858ff72364b4b75090679bd875ee44df9c0613dc862ca6b98460",
                "sha256:05b3d479425e047c848b9782cd7aac9c6727ce23181eb9647baf64ffdfc3da41",
                "sha256:0775d6252ccb22b15da3b5d7adbbf8cfe284916b14b6dc0ff503a23edb01ee85",
                "sha256:1764546ffeaed4f9428707be61d68972eb5ede81239b46a45843e0071104d0dd",
                "sha256:1e491e6489a6cb1d079df8eaa15957c277fdedb102b6a68cfbf40c4994412fd0",
                "sha256:212757ffcecb3e1a5338d4e6761bf9c04f750e7d027117e74aa3cd8a75bb6fbd",
                "sha256:215d6bf7e66732a514f47614f828d8c0aaac9a648c46a831955cb103473c7147",
                "sha256:25382c7d174c679ce6927c16b6fbb68b10e56ee44b1acb40671e02d29f2fce7c",
                "sha256:2abccab84d057723d2ca8f99ff7b619285d40da6814d50366f61f0fc385c3903",
                "sha256:2d964eb24c8b021623df1c93c626671420c6efadbdb8655cb2bd5e0c6fa422ba",
                "sha256:2ec46ed947801652c9643e0b1dc334cfb2781232e375ba97312c2fc256597632",
                "sha256:2ef892cabdccefe577088a79580301f09f2a713eb239f4f9f62b2b29cafb0577",
                "sha256:33e632d0885b95a8b97165899006c40e9ecdc634a529dca7b991eb7de4ece41c",
                "sha256:3520d7af1ebc838cc6084a3281145d5cd5bdd43fdef139e6db5af01b92596cb7",
                "sha256:3d790f84201c3698d1bfb404c917f36e40531577a6dda02e45ba29b64d539867",
                "sha256:3fc33295cfccad697a97a76dec3f1e94ad848b7b163c3228c1636977966b51e2",
                "sha256:422e3d43b47ac20141bc84b3d342eead8d8099a62881a501e97d15f6addabfe9",
                "sha256:426c2ae999135d64e6a18849a7d1ad0e1bd007277e4a8f4752eaa40a96b550ff",
                "sha256:46512486be6fbceef51d7660dec017394ba3e170299d1dc30928cbedebbf103a",
                "sha256:46850a640df62ae940e34a163f72e26aca1f88e2da79148e1862faaac985c302",
                "sha256:484405b883630f3e74ed32041a87456c5e0e63a8e3429aa93e8714c366d62bd1",
                "sha256:4e7904d1920c0c89105c0517dc7e3f5c20fb4e56ba9cdef13048db76947f1d79",
                "sha256:56b2957a145f816726b109ee3d4e6822c23f919a7d91af5a94593723ed667835",
                "sha256:5c6527c8efa5226a9e787507652dd5ba97b62d29b53c371a85cd13f957fe4d42",
                "sha256:5cbc554ba47ecca8cd3396ddaca85e1ecfe3e48dd57dc5e415e59551affe568e",
                "sha256:5d28ecdf191db558d0c07d0f16524ee9d67896edf2b7990eea800abeb23ebd61",
                "sha256:5fc447058d083b8c6ac076fc26b446d44f0145308465d745fba93a28c14c9e32",
                "sha256:63e318dbe52709ed10d516a356f22a635e07a2e34c68145484ed96a19b0c4c68",
                "sha256:68d81a2fe184030aa0c5c11e518292e15d342a667184d91e30644c9d533e53e1",
                "sha256:6e63814ec71db9bdb42905c925639f319c80e7909fb76c3b84edc79dadef8d60",
                "sha256:6f8a9bcab7b6db2e3dbf65b214dfc795b4c6b3bb3af922901b6a67f7cb47d5f8",
                "sha256:70831e03bd53702c941da1a1ad36c17d825a24fbb26857b40913d58df82ec18b",
                "sha256:74eddec4537ab1f701a1647214734bc52cee2794df748f6ae5908e00771f180a",
                "sha256:7b3751857da3e224f5629400736a7b11e940b5da5f95fa631d86219a1beaafec",
                "sha256:7cf1d44e710ca3a9ce952bda2855830fe9f9017ed6259e01fcd71ea6287565f5",
                "sha256:7d07f552d1e412f4b4e64ce386d4c777a41da3b33f7098b6219012ba534fb2c2",
                "sha256:7d88db096fa19d94f433420eaaf9f3c45382da2dd014b93e4bf3215639047c16",
                "sha256:7ee3095d02d6f38bd7d9a5358fcc9ea78fcdb7176921528dd709cc63f40184f5",
                "sha256:902844f9c4fb19b17dfa84d9e2ca053d4a4ba265723d62ea5c9c26b38e0aa1e6",
                "sha256:937880290775033a743f4836aa253087b85e62784b63fd099ee725d567a48aa1",
                "sha256:95076399ec3b27a8f7fa1cc9a83417b1c920d55cf7a97f718a94efbb96c7f503",
                "sha256:9c38d3869238e9d3409239bc05bc27d6b7c99c2a460ea337d2814b35fb4fea1b",
                "sha256:9e32cedc389bcb76d9f24ea8a012b3cb8385ee362ea437e1d012ffaed106c17d",
                "sha256:9ffdc51001136b699f9563b1c74cc1f8c07f66ef7219beb6417a4c8aaa896c28",
                "sha256:a0adef094c49f242122bb145c3c8af442070dc0e4312db17e49058c1702606d4",
                "sha256:a36a0e791805aa136e9cbd0ffa040d09adec8610453ee8a753f23481a0057af5",
                "sha256:a7e518a0911c50f60313cb9e74a169a65b5d293770db4770ebf004245f24b5c5",
                "sha256:af0516e1711995cb08dc19bbd05bec7dbdebf4185f68870595156718d237df3e",
                "sha256:b8104f709590fff72af801e916817560dbe1698028cd0afe5a52d75ceb1fce5f",
                "sha256:b911dfb727e247340d36ae20c4b9259e4a64013ab9888ccb3cbba69b77fd9636",
                "sha256:b9a794cef1d9c1772b94a72eec6da144c18e18041d294a9ab47669bc77a80c1d",
                "sha256:b9c33d4aef08dfecbd1736ceab8b7b3c4358bf10a0121483e5cd60d3d308cc64",
                "sha256:b9d38a4656e4e715d637abdf7296e98d6267df0cc0a8e9a016f8ba07e4aa3eeb",
                "sha256:bcda1c84a1c533c528356da5490d464a139b6e84eb77cc0b432e38c5c6dd7882",
                "sha256:bef7e3f9dc6f0c13afdd671008534be5744e0e682fb851584c8c3a025ec09720",
                "sha256:c15ba5982c177bc4b23a7940c7e4394197e2d6a424a2d282e7c236b66da6d896",
                "sha256:c5254cbd4f4855e11cebf678c1a848a3042d455a22a4ce61349c36aafd4c2267",
                "sha256:c5682a45df7d9642eff590abc73157c887a68f016df0a8ad722dcc0f888f56d7",
                "sha256:c5e65c6ac0ae4bf5bef1667029f81010b6017795dcb817ba5c7b8a8d61fab76f",
                "sha256:d4c7b3a31502184e856df1f7bbb2c3735a05a8ce0ade34c5277e1577738a5c91",
                "sha256:d892bfa1d023c3781a3cab8dd5af76b626c483484d782e8bd047c180db590e4c",
                "sha256:dbc332beaf8492b5731229a881807cd7b91b50dbbbaf7fe2faf46942eda64a24",
                "sha256:dc85b3777068ed30aff8242be2813038a929f2084f69e43ef869daddae50f6ee",
                "sha256:e59137cdb970249ae60be2a49774c6dfb015bd0403f05af1fe61862e9626642d",
                "sha256:e67b3c26e9b6d37b370c83aa790bbc121775c57bfb096c2e77eacca25fd0233b",
                "sha256:e72c91bda9880f097c8aa3601a2c0de6c708763ba8128006151f496ca9065935",
                "sha256:f95b8aca2703d6a30249f83f4fe6a9abf2e627aa892a5caaab2267d56be7ab69"
            ],
            "markers": "python_version >= '3.6'",
            "version": "==2.9.5"
        },
        "py": {
            "hashes": [
                "sha256:51c75c4126074b472f746a24399ad32f6053d1b34b68d2fa41e558e6f4a98719",
                "sha256:607c53218732647dff4acdfcd50cb62615cedf612e72d1724fb1a0cc6405b378"
            ],
            "markers": "python_version >= '2.7' and python_version not in '3.0, 3.1, 3.2, 3.3, 3.4'",
            "version": "==1.11.0"
        },
        "pytest": {
            "hashes": [
                "sha256:3773f4c235918987d51daf1db66d51c99fac654c81d6f2f709a046ab446d5e5d",
                "sha256:b7802283b70ca24d7119b32915efa7c409982f59913c1a6c0640aacf118b95f5"
            ],
            "index": "pypi",
            "version": "==4.4.1"
        },
        "pytest-aiohttp": {
            "hashes": [
                "sha256:0b9b660b146a65e1313e2083d0d2e1f63047797354af9a28d6b7c9f0726fa33d",
                "sha256:c929854339637977375838703b62fef63528598bc0a9d451639eba95f4aaa44f"
            ],
            "index": "pypi",
            "version": "==0.3.0"
        },
        "pytz": {
            "hashes": [
                "sha256:222439474e9c98fced559f1709d89e6c9cbf8d79c794ff3eb9f8800064291427",
                "sha256:e89512406b793ca39f5971bc999cc538ce125c0e51c27941bef4568b460095e2"
            ],
            "version": "==2022.6"
        },
        "setuptools": {
            "hashes": [
                "sha256:57f6f22bde4e042978bcd50176fdb381d7c21a9efa4041202288d3737a0c6a54",
                "sha256:a7620757bf984b58deaf32fc8a4577a9bbc0850cf92c20e1ce41c38c19e5fb75"
            ],
            "markers": "python_version >= '3.7'",
            "version": "==65.6.3"
        },
        "six": {
            "hashes": [
                "sha256:1e61c37477a1626458e36f7b1d82aa5c9b094fa4802892072e49de9c60c4c926",
                "sha256:8abb2f1d86890a2dfb989f9a77cfcfd3e47c2a354b01111771326f8aa26e0254"
            ],
            "markers": "python_version >= '2.7' and python_version not in '3.0, 3.1, 3.2, 3.3'",
            "version": "==1.16.0"
        },
        "soupsieve": {
            "hashes": [
                "sha256:3b2503d3c7084a42b1ebd08116e5f81aadfaea95863628c80a3b774a11b7c759",
                "sha256:fc53893b3da2c33de295667a0e19f078c14bf86544af307354de5fcf12a3f30d"
            ],
            "markers": "python_version >= '3.6'",
            "version": "==2.3.2.post1"
        },
        "sqlalchemy": {
            "extras": [

            ],
            "hashes": [
                "sha256:91c54ca8345008fceaec987e10924bf07dcab36c442925357e5a467b36a38319"
            ],
            "index": "pypi",
            "version": "==1.3.3"
        },
        "typing-extensions": {
            "hashes": [
                "sha256:1511434bb92bf8dd198c12b1cc812e800d4181cfcb867674e0f8279cc93087aa",
                "sha256:16fa4864408f655d35ec496218b85f79b3437c829e93320c7c9215ccfd92489e"
            ],
            "markers": "python_version < '3.8'",
            "version": "==4.4.0"
        },
        "yarl": {
            "hashes": [
                "sha256:009a028127e0a1755c38b03244c0bea9d5565630db9c4cf9572496e947137a87",
                "sha256:0414fd91ce0b763d4eadb4456795b307a71524dbacd015c657bb2a39db2eab89",
                "sha256:0978f29222e649c351b173da2b9b4665ad1feb8d1daa9d971eb90df08702668a",
                "sha256:0ef8fb25e52663a1c85d608f6dd72e19bd390e2ecaf29c17fb08f730226e3a08",
                "sha256:10b08293cda921157f1e7c2790999d903b3fd28cd5c208cf8826b3b508026996",
                "sha256:1684a9bd9077e922300ecd48003ddae7a7474e0412bea38d4631443a91d61077",
                "sha256:1b372aad2b5f81db66ee7ec085cbad72c4da660d994e8e590c997e9b01e44901",
                "sha256:1e21fb44e1eff06dd6ef971d4bdc611807d6bd3691223d9c01a18cec3677939e",
                "sha256:2305517e332a862ef75be8fad3606ea10108662bc6fe08509d5ca99503ac2aee",
                "sha256:24ad1d10c9db1953291f56b5fe76203977f1ed05f82d09ec97acb623a7976574",
                "sha256:272b4f1599f1b621bf2aabe4e5b54f39a933971f4e7c9aa311d6d7dc06965165",
                "sha256:2a1fca9588f360036242f379bfea2b8b44cae2721859b1c56d033adfd5893634",
                "sha256:2b4fa2606adf392051d990c3b3877d768771adc3faf2e117b9de7eb977741229",
                "sha256:3150078118f62371375e1e69b13b48288e44f6691c1069340081c3fd12c94d5b",
                "sha256:326dd1d3caf910cd26a26ccbfb84c03b608ba32499b5d6eeb09252c920bcbe4f",
                "sha256:34c09b43bd538bf6c4b891ecce94b6fa4f1f10663a8d4ca589a079a5018f6ed7",
                "sha256:388a45dc77198b2460eac0aca1efd6a7c09e976ee768b0d5109173e521a19daf",
                "sha256:3adeef150d528ded2a8e734ebf9ae2e658f4c49bf413f5f157a470e17a4a2e89",
                "sha256:3edac5d74bb3209c418805bda77f973117836e1de7c000e9755e572c1f7850d0",
                "sha256:3f6b4aca43b602ba0f1459de647af954769919c4714706be36af670a5f44c9c1",
                "sha256:3fc056e35fa6fba63248d93ff6e672c096f95f7836938241ebc8260e062832fe",
                "sha256:418857f837347e8aaef682679f41e36c24250097f9e2f315d39bae3a99a34cbf",
                "sha256:42430ff511571940d51e75cf42f1e4dbdded477e71c1b7a17f4da76c1da8ea76",
                "sha256:44ceac0450e648de86da8e42674f9b7077d763ea80c8ceb9d1c3e41f0f0a9951",
                "sha256:47d49ac96156f0928f002e2424299b2c91d9db73e08c4cd6742923a086f1c863",
                "sha256:48dd18adcf98ea9cd721a25313aef49d70d413a999d7d89df44f469edfb38a06",
                "sha256:49d43402c6e3013ad0978602bf6bf5328535c48d192304b91b97a3c6790b1562",
                "sha256:4d04acba75c72e6eb90745447d69f84e6c9056390f7a9724605ca9c56b4afcc6",
                "sha256:57a7c87927a468e5a1dc60c17caf9597161d66457a34273ab1760219953f7f4c",
                "sha256:58a3c13d1c3005dbbac5c9f0d3210b60220a65a999b1833aa46bd6677c69b08e",
                "sha256:5df5e3d04101c1e5c3b1d69710b0574171cc02fddc4b23d1b2813e75f35a30b1",
                "sha256:63243b21c6e28ec2375f932a10ce7eda65139b5b854c0f6b82ed945ba526bff3",
                "sha256:64dd68a92cab699a233641f5929a40f02a4ede8c009068ca8aa1fe87b8c20ae3",
                "sha256:6604711362f2dbf7160df21c416f81fac0de6dbcf0b5445a2ef25478ecc4c778",
                "sha256:6c4fcfa71e2c6a3cb568cf81aadc12768b9995323186a10827beccf5fa23d4f8",
                "sha256:6d88056a04860a98341a0cf53e950e3ac9f4e51d1b6f61a53b0609df342cc8b2",
                "sha256:705227dccbe96ab02c7cb2c43e1228e2826e7ead880bb19ec94ef279e9555b5b",
                "sha256:728be34f70a190566d20aa13dc1f01dc44b6aa74580e10a3fb159691bc76909d",
                "sha256:74dece2bfc60f0f70907c34b857ee98f2c6dd0f75185db133770cd67300d505f",
                "sha256:75c16b2a900b3536dfc7014905a128a2bea8fb01f9ee26d2d7d8db0a08e7cb2c",
                "sha256:77e913b846a6b9c5f767b14dc1e759e5aff05502fe73079f6f4176359d832581",
                "sha256:7a66c506ec67eb3159eea5096acd05f5e788ceec7b96087d30c7d2865a243918",
                "sha256:8c46d3d89902c393a1d1e243ac847e0442d0196bbd81aecc94fcebbc2fd5857c",
                "sha256:93202666046d9edadfe9f2e7bf5e0782ea0d497b6d63da322e541665d65a044e",
                "sha256:97209cc91189b48e7cfe777237c04af8e7cc51eb369004e061809bcdf4e55220",
                "sha256:a48f4f7fea9a51098b02209d90297ac324241bf37ff6be6d2b0149ab2bd51b37",
                "sha256:a783cd344113cb88c5ff7ca32f1f16532a6f2142185147822187913eb989f739",
                "sha256:ae0eec05ab49e91a78700761777f284c2df119376e391db42c38ab46fd662b77",
                "sha256:ae4d7ff1049f36accde9e1ef7301912a751e5bae0a9d142459646114c70ecba6",
                "sha256:b05df9ea7496df11b710081bd90ecc3a3db6adb4fee36f6a411e7bc91a18aa42",
                "sha256:baf211dcad448a87a0d9047dc8282d7de59473ade7d7fdf22150b1d23859f946",
                "sha256:bb81f753c815f6b8e2ddd2eef3c855cf7da193b82396ac013c661aaa6cc6b0a5",
                "sha256:bcd7bb1e5c45274af9a1dd7494d3c52b2be5e6bd8d7e49c612705fd45420b12d",
                "sha256:bf071f797aec5b96abfc735ab97da9fd8f8768b43ce2abd85356a3127909d146",
                "sha256:c15163b6125db87c8f53c98baa5e785782078fbd2dbeaa04c6141935eb6dab7a",
                "sha256:cb6d48d80a41f68de41212f3dfd1a9d9898d7841c8f7ce6696cf2fd9cb57ef83",
                "sha256:ceff9722e0df2e0a9e8a79c610842004fa54e5b309fe6d218e47cd52f791d7ef",
                "sha256:cfa2bbca929aa742b5084fd4663dd4b87c191c844326fcb21c3afd2d11497f80",
                "sha256:d617c241c8c3ad5c4e78a08429fa49e4b04bedfc507b34b4d8dceb83b4af3588",
                "sha256:d881d152ae0007809c2c02e22aa534e702f12071e6b285e90945aa3c376463c5",
                "sha256:da65c3f263729e47351261351b8679c6429151ef9649bba08ef2528ff2c423b2",
                "sha256:de986979bbd87272fe557e0a8fcb66fd40ae2ddfe28a8b1ce4eae22681728fef",
                "sha256:df60a94d332158b444301c7f569659c926168e4d4aad2cfbf4bce0e8fb8be826",
                "sha256:dfef7350ee369197106805e193d420b75467b6cceac646ea5ed3049fcc950a05",
                "sha256:e59399dda559688461762800d7fb34d9e8a6a7444fd76ec33220a926c8be1516",
                "sha256:e6f3515aafe0209dd17fb9bdd3b4e892963370b3de781f53e1746a521fb39fc0",
                "sha256:e7fd20d6576c10306dea2d6a5765f46f0ac5d6f53436217913e952d19237efc4",
                "sha256:ebb78745273e51b9832ef90c0898501006670d6e059f2cdb0e999494eb1450c2",
                "sha256:efff27bd8cbe1f9bd127e7894942ccc20c857aa8b5a0327874f30201e5ce83d0",
                "sha256:f37db05c6051eff17bc832914fe46869f8849de5b92dc4a3466cd63095d23dfd",
                "sha256:f8ca8ad414c85bbc50f49c0a106f951613dfa5f948ab69c10ce9b128d368baf8",
                "sha256:fb742dcdd5eec9f26b61224c23baea46c9055cf16f62475e11b9b15dfd5c117b",
                "sha256:fc77086ce244453e074e445104f0ecb27530d6fd3a46698e33f6c38951d5a0f1",
                "sha256:ff205b58dc2929191f68162633d5e10e8044398d7a45265f90a0f1d51f85f72c"
            ],
            "markers": "python_version >= '3.7'",
            "version": "==1.8.2"
        },
        "zipp": {
            "hashes": [
                "sha256:83a28fcb75844b5c0cdaf5aa4003c2d728c77e05f5aeabe8e95e56727005fbaa",
                "sha256:a7a22e05929290a67401440b39690ae6563279bced5f314609d9d03798f56766"
            ],
            "markers": "python_version >= '3.7'",
            "version": "==3.11.0"
        }
    },
    "develop": {}
}
